{
  "name": "micro-express",
  "version": "1.1.1",
  "lockfileVersion": 1,
  "requires": true,
  "dependencies": {
    "command-line-arguments-parser": {
      "version": "4.1.8",
      "resolved": "https://registry.npmjs.org/command-line-arguments-parser/-/command-line-arguments-parser-4.1.8.tgz",
      "integrity": "sha512-2bw9SyNTBw7ZAvC2GTev07DMIOAcf92Cq/ir/Ul4mnBxxnjw8eMxCBGDhE8y3NVlinsznMwU/6EafE64i2WWzg=="
    }
  }
}
